// !$*UTF8*$!
{
	archiveVersion = 1;
	classes = {
	};
	objectVersion = 46;
	objects = {

/* Begin PBXBuildFile section */
		8B4122C71E47B65C001EBC70 /* AppDelegate.m in Sources */ = {isa = PBXBuildFile; fileRef = 8B4122C61E47B65C001EBC70 /* AppDelegate.m */; };
		8B4122CA1E47B65C001EBC70 /* main.m in Sources */ = {isa = PBXBuildFile; fileRef = 8B4122C91E47B65C001EBC70 /* main.m */; };
		8B4122CC1E47B65C001EBC70 /* Assets.xcassets in Resources */ = {isa = PBXBuildFile; fileRef = 8B4122CB1E47B65C001EBC70 /* Assets.xcassets */; };
		8B4122CF1E47B65C001EBC70 /* MainMenu.xib in Resources */ = {isa = PBXBuildFile; fileRef = 8B4122CD1E47B65C001EBC70 /* MainMenu.xib */; };
/* End PBXBuildFile section */

/* Begin PBXFileReference section */
		8B4122C21E47B65C001EBC70 /* Overlay Cursor Image.app */ = {isa = PBXFileReference; explicitFileType = wrapper.application; includeInIndex = 0; path = "Overlay Cursor Image.app"; sourceTree = BUILT_PRODUCTS_DIR; };
		8B4122C51E47B65C001EBC70 /* AppDelegate.h */ = {isa = PBXFileReference; lastKnownFileType = sourcecode.c.h; path = AppDelegate.h; sourceTree = "<group>"; };
		8B4122C61E47B65C001EBC70 /* AppDelegate.m */ = {isa = PBXFileReference; lastKnownFileType = sourcecode.c.objc; path = AppDelegate.m; sourceTree = "<group>"; };
		8B4122C91E47B65C001EBC70 /* main.m */ = {isa = PBXFileReference; lastKnownFileType = sourcecode.c.objc; path = main.m; sourceTree = "<group>"; };
		8B4122CB1E47B65C001EBC70 /* Assets.xcassets */ = {isa = PBXFileReference; lastKnownFileType = folder.assetcatalog; path = Assets.xcassets; sourceTree = "<group>"; };
		8B4122CE1E47B65C001EBC70 /* Base */ = {isa = PBXFileReference; lastKnownFileType = file.xib; name = Base; path = Base.lproj/MainMenu.xib; sourceTree = "<group>"; };
		8B4122D01E47B65C001EBC70 /* Info.plist */ = {isa = PBXFileReference; lastKnownFileType = text.plist.xml; path = Info.plist; sourceTree = "<group>"; };
/* End PBXFileReference section */

/* Begin PBXFrameworksBuildPhase section */
		8B4122BF1E47B65C001EBC70 /* Frameworks */ = {
			isa = PBXFrameworksBuildPhase;
			buildActionMask = 2147483647;
			files = (
			);
			runOnlyForDeploymentPostprocessing = 0;
		};
/* End PBXFrameworksBuildPhase section */

/* Begin PBXGroup section */
		8B4122B91E47B65C001EBC70 = {
			isa = PBXGroup;
			children = (
				8B4122C41E47B65C001EBC70 /* Overlay Cursor Image */,
				8B4122C31E47B65C001EBC70 /* Products */,
			);
			sourceTree = "<group>";
		};
		8B4122C31E47B65C001EBC70 /* Products */ = {
			isa = PBXGroup;
			children = (
				8B4122C21E47B65C001EBC70 /* Overlay Cursor Image.app */,
			);
			name = Products;
			sourceTree = "<group>";
		};
		8B4122C41E47B65C001EBC70 /* Overlay Cursor Image */ = {
			isa = PBXGroup;
			children = (
				8B4122C51E47B65C001EBC70 /* AppDelegate.h */,
				8B4122C61E47B65C001EBC70 /* AppDelegate.m */,
				8B4122CB1E47B65C001EBC70 /* Assets.xcassets */,
				8B4122CD1E47B65C001EBC70 /* MainMenu.xib */,
				8B4122D01E47B65C001EBC70 /* Info.plist */,
				8B4122C81E47B65C001EBC70 /* Supporting Files */,
			);
			path = "Overlay Cursor Image";
			sourceTree = "<group>";
		};
		8B4122C81E47B65C001EBC70 /* Supporting Files */ = {
			isa = PBXGroup;
			children = (
				8B4122C91E47B65C001EBC70 /* main.m */,
			);
			name = "Supporting Files";
			sourceTree = "<group>";
		};
/* End PBXGroup section */

/* Begin PBXNativeTarget section */
		8B4122C11E47B65C001EBC70 /* Overlay Cursor Image */ = {
			isa = PBXNativeTarget;
			buildConfigurationList = 8B4122D31E47B65C001EBC70 /* Build configuration list for PBXNativeTarget "Overlay Cursor Image" */;
			buildPhases = (
				8B4122BE1E47B65C001EBC70 /* Sources */,
				8B4122BF1E47B65C001EBC70 /* Frameworks */,
				8B4122C01E47B65C001EBC70 /* Resources */,
			);
			buildRules = (
			);
			dependencies = (
			);
			name = "Overlay Cursor Image";
			productName = "Overlay Cursor Image";
			productReference = 8B4122C21E47B65C001EBC70 /* Overlay Cursor Image.app */;
			productType = "com.apple.product-type.application";
		};
/* End PBXNativeTarget section */

/* Begin PBXProject section */
		8B4122BA1E47B65C001EBC70 /* Project object */ = {
			isa = PBXProject;
			attributes = {
				LastUpgradeCheck = 0820;
				ORGANIZATIONNAME = "Varun Mehta";
				TargetAttributes = {
					8B4122C11E47B65C001EBC70 = {
						CreatedOnToolsVersion = 8.2;
						DevelopmentTeam = T63USDNCCE;
						ProvisioningStyle = Automatic;
					};
				};
			};
			buildConfigurationList = 8B4122BD1E47B65C001EBC70 /* Build configuration list for PBXProject "Overlay Cursor Image" */;
			compatibilityVersion = "Xcode 3.2";
			developmentRegion = English;
			hasScannedForEncodings = 0;
			knownRegions = (
				en,
				Base,
			);
			mainGroup = 8B4122B91E47B65C001EBC70;
			productRefGroup = 8B4122C31E47B65C001EBC70 /* Products */;
			projectDirPath = "";
			projectRoot = "";
			targets = (
				8B4122C11E47B65C001EBC70 /* Overlay Cursor Image */,
			);
		};
/* End PBXProject section */

/* Begin PBXResourcesBuildPhase section */
		8B4122C01E47B65C001EBC70 /* Resources */ = {
			isa = PBXResourcesBuildPhase;
			buildActionMask = 2147483647;
			files = (
				8B4122CC1E47B65C001EBC70 /* Assets.xcassets in Resources */,
				8B4122CF1E47B65C001EBC70 /* MainMenu.xib in Resources */,
			);
			runOnlyForDeploymentPostprocessing = 0;
		};
/* End PBXResourcesBuildPhase section */

/* Begin PBXSourcesBuildPhase section */
		8B4122BE1E47B65C001EBC70 /* Sources */ = {
			isa = PBXSourcesBuildPhase;
			buildActionMask = 2147483647;
			files = (
				8B4122CA1E47B65C001EBC70 /* main.m in Sources */,
				8B4122C71E47B65C001EBC70 /* AppDelegate.m in Sources */,
			);
			runOnlyForDeploymentPostprocessing = 0;
		};
/* End PBXSourcesBuildPhase section */

/* Begin PBXVariantGroup section */
		8B4122CD1E47B65C001EBC70 /* MainMenu.xib */ = {
			isa = PBXVariantGroup;
			children = (
				8B4122CE1E47B65C001EBC70 /* Base */,
			);
			name = MainMenu.xib;
			sourceTree = "<group>";
		};
/* End PBXVariantGroup section */

/* Begin XCBuildConfiguration section */
		8B4122D11E47B65C001EBC70 /* Debug */ = {
			isa = XCBuildConfiguration;
			buildSettings = {
				ALWAYS_SEARCH_USER_PATHS = NO;
				CLANG_ANALYZER_NONNULL = YES;
				CLANG_CXX_LANGUAGE_STANDARD = "gnu++0x";
				CLANG_CXX_LIBRARY = "libc++";
				CLANG_ENABLE_MODULES = YES;
				CLANG_ENABLE_OBJC_ARC = YES;
				CLANG_WARN_BOOL_CONVERSION = YES;
				CLANG_WARN_CONSTANT_CONVERSION = YES;
				CLANG_WARN_DIRECT_OBJC_ISA_USAGE = YES_ERROR;
				CLANG_WARN_DOCUMENTATION_COMMENTS = YES;
				CLANG_WARN_EMPTY_BODY = YES;
				CLANG_WARN_ENUM_CONVERSION = YES;
				CLANG_WARN_INFINITE_RECURSION = YES;
				CLANG_WARN_INT_CONVERSION = YES;
				CLANG_WARN_OBJC_ROOT_CLASS = YES_ERROR;
				CLANG_WARN_SUSPICIOUS_MOVE = YES;
				CLANG_WARN_UNREACHABLE_CODE = YES;
				CLANG_WARN__DUPLICATE_METHOD_MATCH = YES;
				CODE_SIGN_IDENTITY = "-";
				COPY_PHASE_STRIP = NO;
				DEBUG_INFORMATION_FORMAT = dwarf;
				ENABLE_STRICT_OBJC_MSGSEND = YES;
				ENABLE_TESTABILITY = YES;
				GCC_C_LANGUAGE_STANDARD = gnu99;
				GCC_DYNAMIC_NO_PIC = NO;
				GCC_NO_COMMON_BLOCKS = YES;
				GCC_OPTIMIZATION_LEVEL = 0;
				GCC_PREPROCESSOR_DEFINITIONS = (
					"DEBUG=1",
					"$(inherited)",
				);
				GCC_WARN_64_TO_32_BIT_CONVERSION = YES;
				GCC_WARN_ABOUT_RETURN_TYPE = YES_ERROR;
				GCC_WARN_UNDECLARED_SELECTOR = YES;
				GCC_WARN_UNINITIALIZED_AUTOS = YES_AGGRESSIVE;
				GCC_WARN_UNUSED_FUNCTION = YES;
				GCC_WARN_UNUSED_VARIABLE = YES;
				MACOSX_DEPLOYMENT_TARGET = 10.12;
				MTL_ENABLE_DEBUG_INFO = YES;
				ONLY_ACTIVE_ARCH = YES;
				SDKROOT = macosx;
			};
			name = Debug;
		};
		8B4122D21E47B65C001EBC70 /* Release */ = {
			isa = XCBuildConfiguration;
			buildSettings = {
				ALWAYS_SEARCH_USER_PATHS = NO;
				CLANG_ANALYZER_NONNULL = YES;
				CLANG_CXX_LANGUAGE_STANDARD = "gnu++0x";
				CLANG_CXX_LIBRARY = "libc++";
				CLANG_ENABLE_MODULES = YES;
				CLANG_ENABLE_OBJC_ARC = YES;
				CLANG_WARN_BOOL_CONVERSION = YES;
				CLANG_WARN_CONSTANT_CONVERSION = YES;
				CLANG_WARN_DIRECT_OBJC_ISA_USAGE = YES_ERROR;
				CLANG_WARN_DOCUMENTATION_COMMENTS = YES;
				CLANG_WARN_EMPTY_BODY = YES;
				CLANG_WARN_ENUM_CONVERSION = YES;
				CLANG_WARN_INFINITE_RECURSION = YES;
				CLANG_WARN_INT_CONVERSION = YES;
				CLANG_WARN_OBJC_ROOT_CLASS = YES_ERROR;
				CLANG_WARN_SUSPICIOUS_MOVE = YES;
				CLANG_WARN_UNREACHABLE_CODE = YES;
				CLANG_WARN__DUPLICATE_METHOD_MATCH = YES;
				CODE_SIGN_IDENTITY = "-";
				COPY_PHASE_STRIP = NO;
				DEBUG_INFORMATION_FORMAT = "dwarf-with-dsym";
				ENABLE_NS_ASSERTIONS = NO;
				ENABLE_STRICT_OBJC_MSGSEND = YES;
				GCC_C_LANGUAGE_STANDARD = gnu99;
				GCC_NO_COMMON_BLOCKS = YES;
				GCC_WARN_64_TO_32_BIT_CONVERSION = YES;
				GCC_WARN_ABOUT_RETURN_TYPE = YES_ERROR;
				GCC_WARN_UNDECLARED_SELECTOR = YES;
				GCC_WARN_UNINITIALIZED_AUTOS = YES_AGGRESSIVE;
				GCC_WARN_UNUSED_FUNCTION = YES;
				GCC_WARN_UNUSED_VARIABLE = YES;
				MACOSX_DEPLOYMENT_TARGET = 10.12;
				MTL_ENABLE_DEBUG_INFO = NO;
				SDKROOT = macosx;
			};
			name = Release;
		};
		8B4122D41E47B65C001EBC70 /* Debug */ = {
			isa = XCBuildConfiguration;
			buildSettings = {
				ASSETCATALOG_COMPILER_APPICON_NAME = AppIcon;
				COMBINE_HIDPI_IMAGES = YES;
				DEVELOPMENT_TEAM = T63USDNCCE;
				INFOPLIST_FILE = "Overlay Cursor Image/Info.plist";
				LD_RUNPATH_SEARCH_PATHS = "$(inherited) @executable_path/../Frameworks";
				PRODUCT_BUNDLE_IDENTIFIER = "VKM.Overlay-Cursor-Image";
				PRODUCT_NAME = "$(TARGET_NAME)";
			};
			name = Debug;
		};
		8B4122D51E47B65C001EBC70 /* Release */ = {
			isa = XCBuildConfiguration;
			buildSettings = {
				ASSETCATALOG_COMPILER_APPICON_NAME = AppIcon;
				COMBINE_HIDPI_IMAGES = YES;
				DEVELOPMENT_TEAM = T63USDNCCE;
				INFOPLIST_FILE = "Overlay Cursor Image/Info.plist";
				LD_RUNPATH_SEARCH_PATHS = "$(inherited) @executable_path/../Frameworks";
				PRODUCT_BUNDLE_IDENTIFIER = "VKM.Overlay-Cursor-Image";
				PRODUCT_NAME = "$(TARGET_NAME)";
			};
			name = Release;
		};
/* End XCBuildConfiguration section */

/* Begin XCConfigurationList section */
		8B4122BD1E47B65C001EBC70 /* Build configuration list for PBXProject "Overlay Cursor Image" */ = {
			isa = XCConfigurationList;
			buildConfigurations = (
				8B4122D11E47B65C001EBC70 /* Debug */,
				8B4122D21E47B65C001EBC70 /* Release */,
			);
			defaultConfigurationIsVisible = 0;
			defaultConfigurationName = Release;
		};
		8B4122D31E47B65C001EBC70 /* Build configuration list for PBXNativeTarget "Overlay Cursor Image" */ = {
			isa = XCConfigurationList;
			buildConfigurations = (
				8B4122D41E47B65C001EBC70 /* Debug */,
				8B4122D51E47B65C001EBC70 /* Release */,
			);
			defaultConfigurationIsVisible = 0;
		};
/* End XCConfigurationList section */
	};
	rootObject = 8B4122BA1E47B65C001EBC70 /* Project object */;
}
